
Microsoft Visual Studio Solution File, Format Version 12.00
# Visual Studio Version 16
VisualStudioVersion = 16.0.29905.134
MinimumVisualStudioVersion = 10.0.40219.1
Project("{FAE04EC0-301F-11D3-BF4B-00C04F79EFBC}") = "TopTests.API", "TopTests.API.csproj", "{3A7B8F1A-678F-4154-8678-B66E0BDB0B5C}"
EndProject
Project("{FAE04EC0-301F-11D3-BF4B-00C04F79EFBC}") = "TopTests.DAL", "..\TopTests.DAL\TopTests.DAL.csproj", "{94ACF089-4B45-4284-955A-F14ADDB30CDD}"
EndProject
Project("{FAE04EC0-301F-11D3-BF4B-00C04F79EFBC}") = "TopTests.Services", "..\TopTests.Services\TopTests.Services.csproj", "{ECD39779-0A48-4119-876C-2E9800F584BE}"
EndProject
Global
	GlobalSection(SolutionConfigurationPlatforms) = preSolution
		Debug|Any CPU = Debug|Any CPU
		Release|Any CPU = Release|Any CPU
	EndGlobalSection
	GlobalSection(ProjectConfigurationPlatforms) = postSolution
		{3A7B8F1A-678F-4154-8678-B66E0BDB0B5C}.Debug|Any CPU.ActiveCfg = Debug|Any CPU
		{3A7B8F1A-678F-4154-8678-B66E0BDB0B5C}.Debug|Any CPU.Build.0 = Debug|Any CPU
		{3A7B8F1A-678F-4154-8678-B66E0BDB0B5C}.Release|Any CPU.ActiveCfg = Release|Any CPU
		{3A7B8F1A-678F-4154-8678-B66E0BDB0B5C}.Release|Any CPU.Build.0 = Release|Any CPU
		{94ACF089-4B45-4284-955A-F14ADDB30CDD}.Debug|Any CPU.ActiveCfg = Debug|Any CPU
		{94ACF089-4B45-4284-955A-F14ADDB30CDD}.Debug|Any CPU.Build.0 = Debug|Any CPU
		{94ACF089-4B45-4284-955A-F14ADDB30CDD}.Release|Any CPU.ActiveCfg = Release|Any CPU
		{94ACF089-4B45-4284-955A-F14ADDB30CDD}.Release|Any CPU.Build.0 = Release|Any CPU
		{ECD39779-0A48-4119-876C-2E9800F584BE}.Debug|Any CPU.ActiveCfg = Debug|Any CPU
		{ECD39779-0A48-4119-876C-2E9800F584BE}.Debug|Any CPU.Build.0 = Debug|Any CPU
		{ECD39779-0A48-4119-876C-2E9800F584BE}.Release|Any CPU.ActiveCfg = Release|Any CPU
		{ECD39779-0A48-4119-876C-2E9800F584BE}.Release|Any CPU.Build.0 = Release|Any CPU
	EndGlobalSection
	GlobalSection(SolutionProperties) = preSolution
		HideSolutionNode = FALSE
	EndGlobalSection
	GlobalSection(ExtensibilityGlobals) = postSolution
		SolutionGuid = {4D6BDDAC-D306-4741-B652-42AB0437AE54}
	EndGlobalSection
EndGlobal
